
Microsoft Visual Studio Solution File, Format Version 12.00
# Visual Studio Version 16
VisualStudioVersion = 16.0.29409.12
MinimumVisualStudioVersion = 10.0.40219.1
Project("{9A19103F-16F7-4668-BE54-9A1E7A4F7556}") = "Edgar", "src\Edgar\Edgar.csproj", "{8538B30D-B0C5-4BB8-8FA9-C9388E0758E7}"
EndProject
Project("{2150E333-8FDC-42A3-9474-1A3956D46DE8}") = "Tests", "Tests", "{913B8829-7BC1-4627-995B-8ECF6AC15FBA}"
EndProject
Project("{9A19103F-16F7-4668-BE54-9A1E7A4F7556}") = "Edgar.GeneralAlgorithmsTests", "src\Edgar.GeneralAlgorithmsTests\Edgar.GeneralAlgorithmsTests.csproj", "{CD72AFE4-17C9-4F89-892A-1C86127B7466}"
EndProject
Project("{9A19103F-16F7-4668-BE54-9A1E7A4F7556}") = "Edgar.Tests", "src\Edgar.Tests\Edgar.Tests.csproj", "{D21972B1-D75A-4ADC-802F-394BD5FFE654}"
EndProject
Project("{9A19103F-16F7-4668-BE54-9A1E7A4F7556}") = "Edgar.GUI", "src\Edgar.GUI\Edgar.GUI.csproj", "{93F99DE4-5100-4B25-8602-C636C62768E7}"
EndProject
Project("{9A19103F-16F7-4668-BE54-9A1E7A4F7556}") = "Edgar.Sandbox", "src\Edgar.Sandbox\Edgar.Sandbox.csproj", "{6609983F-B790-4E65-A329-832AFE28BA77}"
EndProject
Project("{9A19103F-16F7-4668-BE54-9A1E7A4F7556}") = "Edgar.PerformanceTests", "src\Edgar.PerformanceTests\Edgar.PerformanceTests.csproj", "{9D61AC5D-3924-435E-94FC-14062AAC3937}"
EndProject
Project("{9A19103F-16F7-4668-BE54-9A1E7A4F7556}") = "Edgar.IntegrationTests", "src\Edgar.IntegrationTests\Edgar.IntegrationTests.csproj", "{3FF2AF2C-22E7-482D-AB26-D222AB16CAE1}"
EndProject
Project("{9A19103F-16F7-4668-BE54-9A1E7A4F7556}") = "Edgar.SandboxEvolutionRunner", "src\Edgar.SandboxEvolutionRunner\Edgar.SandboxEvolutionRunner.csproj", "{EF1747AE-47A4-4EDA-B3E1-8259F902A231}"
EndProject
Project("{9A19103F-16F7-4668-BE54-9A1E7A4F7556}") = "Edgar.Examples", "src\Edgar.Examples\Edgar.Examples.csproj", "{85887133-F036-4158-AD99-B9BBC4855728}"
EndProject
Global
	GlobalSection(SolutionConfigurationPlatforms) = preSolution
		Debug|Any CPU = Debug|Any CPU
		Debug|x64 = Debug|x64
		Debug|x86 = Debug|x86
		Release|Any CPU = Release|Any CPU
		Release|x64 = Release|x64
		Release|x86 = Release|x86
	EndGlobalSection
	GlobalSection(ProjectConfigurationPlatforms) = postSolution
		{8538B30D-B0C5-4BB8-8FA9-C9388E0758E7}.Debug|Any CPU.ActiveCfg = Debug|Any CPU
		{8538B30D-B0C5-4BB8-8FA9-C9388E0758E7}.Debug|Any CPU.Build.0 = Debug|Any CPU
		{8538B30D-B0C5-4BB8-8FA9-C9388E0758E7}.Debug|x64.ActiveCfg = Debug|Any CPU
		{8538B30D-B0C5-4BB8-8FA9-C9388E0758E7}.Debug|x64.Build.0 = Debug|Any CPU
		{8538B30D-B0C5-4BB8-8FA9-C9388E0758E7}.Debug|x86.ActiveCfg = Debug|Any CPU
		{8538B30D-B0C5-4BB8-8FA9-C9388E0758E7}.Debug|x86.Build.0 = Debug|Any CPU
		{8538B30D-B0C5-4BB8-8FA9-C9388E0758E7}.Release|Any CPU.ActiveCfg = Release|Any CPU
		{8538B30D-B0C5-4BB8-8FA9-C9388E0758E7}.Release|Any CPU.Build.0 = Release|Any CPU
		{8538B30D-B0C5-4BB8-8FA9-C9388E0758E7}.Release|x64.ActiveCfg = Release|Any CPU
		{8538B30D-B0C5-4BB8-8FA9-C9388E0758E7}.Release|x64.Build.0 = Release|Any CPU
		{8538B30D-B0C5-4BB8-8FA9-C9388E0758E7}.Release|x86.ActiveCfg = Release|Any CPU
		{8538B30D-B0C5-4BB8-8FA9-C9388E0758E7}.Release|x86.Build.0 = Release|Any CPU
		{CD72AFE4-17C9-4F89-892A-1C86127B7466}.Debug|Any CPU.ActiveCfg = Debug|Any CPU
		{CD72AFE4-17C9-4F89-892A-1C86127B7466}.Debug|Any CPU.Build.0 = Debug|Any CPU
		{CD72AFE4-17C9-4F89-892A-1C86127B7466}.Debug|x64.ActiveCfg = Debug|Any CPU
		{CD72AFE4-17C9-4F89-892A-1C86127B7466}.Debug|x64.Build.0 = Debug|Any CPU
		{CD72AFE4-17C9-4F89-892A-1C86127B7466}.Debug|x86.ActiveCfg = Debug|Any CPU
		{CD72AFE4-17C9-4F89-892A-1C86127B7466}.Debug|x86.Build.0 = Debug|Any CPU
		{CD72AFE4-17C9-4F89-892A-1C86127B7466}.Release|Any CPU.ActiveCfg = Release|Any CPU
		{CD72AFE4-17C9-4F89-892A-1C86127B7466}.Release|Any CPU.Build.0 = Release|Any CPU
		{CD72AFE4-17C9-4F89-892A-1C86127B7466}.Release|x64.ActiveCfg = Release|Any CPU
		{CD72AFE4-17C9-4F89-892A-1C86127B7466}.Release|x64.Build.0 = Release|Any CPU
		{CD72AFE4-17C9-4F89-892A-1C86127B7466}.Release|x86.ActiveCfg = Release|Any CPU
		{CD72AFE4-17C9-4F89-892A-1C86127B7466}.Release|x86.Build.0 = Release|Any CPU
		{D21972B1-D75A-4ADC-802F-394BD5FFE654}.Debug|Any CPU.ActiveCfg = Debug|Any CPU
		{D21972B1-D75A-4ADC-802F-394BD5FFE654}.Debug|Any CPU.Build.0 = Debug|Any CPU
		{D21972B1-D75A-4ADC-802F-394BD5FFE654}.Debug|x64.ActiveCfg = Debug|Any CPU
		{D21972B1-D75A-4ADC-802F-394BD5FFE654}.Debug|x64.Build.0 = Debug|Any CPU
		{D21972B1-D75A-4ADC-802F-394BD5FFE654}.Debug|x86.ActiveCfg = Debug|Any CPU
		{D21972B1-D75A-4ADC-802F-394BD5FFE654}.Debug|x86.Build.0 = Debug|Any CPU
		{D21972B1-D75A-4ADC-802F-394BD5FFE654}.Release|Any CPU.ActiveCfg = Release|Any CPU
		{D21972B1-D75A-4ADC-802F-394BD5FFE654}.Release|Any CPU.Build.0 = Release|Any CPU
		{D21972B1-D75A-4ADC-802F-394BD5FFE654}.Release|x64.ActiveCfg = Release|Any CPU
		{D21972B1-D75A-4ADC-802F-394BD5FFE654}.Release|x64.Build.0 = Release|Any CPU
		{D21972B1-D75A-4ADC-802F-394BD5FFE654}.Release|x86.ActiveCfg = Release|Any CPU
		{D21972B1-D75A-4ADC-802F-394BD5FFE654}.Release|x86.Build.0 = Release|Any CPU
		{93F99DE4-5100-4B25-8602-C636C62768E7}.Debug|Any CPU.ActiveCfg = Debug|Any CPU
		{93F99DE4-5100-4B25-8602-C636C62768E7}.Debug|Any CPU.Build.0 = Debug|Any CPU
		{93F99DE4-5100-4B25-8602-C636C62768E7}.Debug|x64.ActiveCfg = Debug|Any CPU
		{93F99DE4-5100-4B25-8602-C636C62768E7}.Debug|x64.Build.0 = Debug|Any CPU
		{93F99DE4-5100-4B25-8602-C636C62768E7}.Debug|x86.ActiveCfg = Debug|Any CPU
		{93F99DE4-5100-4B25-8602-C636C62768E7}.Debug|x86.Build.0 = Debug|Any CPU
		{93F99DE4-5100-4B25-8602-C636C62768E7}.Release|Any CPU.ActiveCfg = Release|Any CPU
		{93F99DE4-5100-4B25-8602-C636C62768E7}.Release|Any CPU.Build.0 = Release|Any CPU
		{93F99DE4-5100-4B25-8602-C636C62768E7}.Release|x64.ActiveCfg = Release|Any CPU
		{93F99DE4-5100-4B25-8602-C636C62768E7}.Release|x64.Build.0 = Release|Any CPU
		{93F99DE4-5100-4B25-8602-C636C62768E7}.Release|x86.ActiveCfg = Release|Any CPU
		{93F99DE4-5100-4B25-8602-C636C62768E7}.Release|x86.Build.0 = Release|Any CPU
		{6609983F-B790-4E65-A329-832AFE28BA77}.Debug|Any CPU.ActiveCfg = Debug|Any CPU
		{6609983F-B790-4E65-A329-832AFE28BA77}.Debug|Any CPU.Build.0 = Debug|Any CPU
		{6609983F-B790-4E65-A329-832AFE28BA77}.Debug|x64.ActiveCfg = Debug|Any CPU
		{6609983F-B790-4E65-A329-832AFE28BA77}.Debug|x64.Build.0 = Debug|Any CPU
		{6609983F-B790-4E65-A329-832AFE28BA77}.Debug|x86.ActiveCfg = Debug|Any CPU
		{6609983F-B790-4E65-A329-832AFE28BA77}.Debug|x86.Build.0 = Debug|Any CPU
		{6609983F-B790-4E65-A329-832AFE28BA77}.Release|Any CPU.ActiveCfg = Release|Any CPU
		{6609983F-B790-4E65-A329-832AFE28BA77}.Release|Any CPU.Build.0 = Release|Any CPU
		{6609983F-B790-4E65-A329-832AFE28BA77}.Release|x64.ActiveCfg = Release|Any CPU
		{6609983F-B790-4E65-A329-832AFE28BA77}.Release|x64.Build.0 = Release|Any CPU
		{6609983F-B790-4E65-A329-832AFE28BA77}.Release|x86.ActiveCfg = Release|Any CPU
		{6609983F-B790-4E65-A329-832AFE28BA77}.Release|x86.Build.0 = Release|Any CPU
		{9D61AC5D-3924-435E-94FC-14062AAC3937}.Debug|Any CPU.ActiveCfg = Debug|Any CPU
		{9D61AC5D-3924-435E-94FC-14062AAC3937}.Debug|Any CPU.Build.0 = Debug|Any CPU
		{9D61AC5D-3924-435E-94FC-14062AAC3937}.Debug|x64.ActiveCfg = Debug|Any CPU
		{9D61AC5D-3924-435E-94FC-14062AAC3937}.Debug|x64.Build.0 = Debug|Any CPU
		{9D61AC5D-3924-435E-94FC-14062AAC3937}.Debug|x86.ActiveCfg = Debug|Any CPU
		{9D61AC5D-3924-435E-94FC-14062AAC3937}.Debug|x86.Build.0 = Debug|Any CPU
		{9D61AC5D-3924-435E-94FC-14062AAC3937}.Release|Any CPU.ActiveCfg = Release|Any CPU
		{9D61AC5D-3924-435E-94FC-14062AAC3937}.Release|Any CPU.Build.0 = Release|Any CPU
		{9D61AC5D-3924-435E-94FC-14062AAC3937}.Release|x64.ActiveCfg = Release|Any CPU
		{9D61AC5D-3924-435E-94FC-14062AAC3937}.Release|x64.Build.0 = Release|Any CPU
		{9D61AC5D-3924-435E-94FC-14062AAC3937}.Release|x86.ActiveCfg = Release|Any CPU
		{9D61AC5D-3924-435E-94FC-14062AAC3937}.Release|x86.Build.0 = Release|Any CPU
		{3FF2AF2C-22E7-482D-AB26-D222AB16CAE1}.Debug|Any CPU.ActiveCfg = Debug|Any CPU
		{3FF2AF2C-22E7-482D-AB26-D222AB16CAE1}.Debug|Any CPU.Build.0 = Debug|Any CPU
		{3FF2AF2C-22E7-482D-AB26-D222AB16CAE1}.Debug|x64.ActiveCfg = Debug|Any CPU
		{3FF2AF2C-22E7-482D-AB26-D222AB16CAE1}.Debug|x64.Build.0 = Debug|Any CPU
		{3FF2AF2C-22E7-482D-AB26-D222AB16CAE1}.Debug|x86.ActiveCfg = Debug|Any CPU
		{3FF2AF2C-22E7-482D-AB26-D222AB16CAE1}.Debug|x86.Build.0 = Debug|Any CPU
		{3FF2AF2C-22E7-482D-AB26-D222AB16CAE1}.Release|Any CPU.ActiveCfg = Release|Any CPU
		{3FF2AF2C-22E7-482D-AB26-D222AB16CAE1}.Release|Any CPU.Build.0 = Release|Any CPU
		{3FF2AF2C-22E7-482D-AB26-D222AB16CAE1}.Release|x64.ActiveCfg = Release|Any CPU
		{3FF2AF2C-22E7-482D-AB26-D222AB16CAE1}.Release|x64.Build.0 = Release|Any CPU
		{3FF2AF2C-22E7-482D-AB26-D222AB16CAE1}.Release|x86.ActiveCfg = Release|Any CPU
		{3FF2AF2C-22E7-482D-AB26-D222AB16CAE1}.Release|x86.Build.0 = Release|Any CPU
		{EF1747AE-47A4-4EDA-B3E1-8259F902A231}.Debug|Any CPU.ActiveCfg = Debug|Any CPU
		{EF1747AE-47A4-4EDA-B3E1-8259F902A231}.Debug|Any CPU.Build.0 = Debug|Any CPU
		{EF1747AE-47A4-4EDA-B3E1-8259F902A231}.Debug|x64.ActiveCfg = Debug|Any CPU
		{EF1747AE-47A4-4EDA-B3E1-8259F902A231}.Debug|x64.Build.0 = Debug|Any CPU
		{EF1747AE-47A4-4EDA-B3E1-8259F902A231}.Debug|x86.ActiveCfg = Debug|Any CPU
		{EF1747AE-47A4-4EDA-B3E1-8259F902A231}.Debug|x86.Build.0 = Debug|Any CPU
		{EF1747AE-47A4-4EDA-B3E1-8259F902A231}.Release|Any CPU.ActiveCfg = Release|Any CPU
		{EF1747AE-47A4-4EDA-B3E1-8259F902A231}.Release|Any CPU.Build.0 = Release|Any CPU
		{EF1747AE-47A4-4EDA-B3E1-8259F902A231}.Release|x64.ActiveCfg = Release|Any CPU
		{EF1747AE-47A4-4EDA-B3E1-8259F902A231}.Release|x64.Build.0 = Release|Any CPU
		{EF1747AE-47A4-4EDA-B3E1-8259F902A231}.Release|x86.ActiveCfg = Release|Any CPU
		{EF1747AE-47A4-4EDA-B3E1-8259F902A231}.Release|x86.Build.0 = Release|Any CPU
		{85887133-F036-4158-AD99-B9BBC4855728}.Debug|Any CPU.ActiveCfg = Debug|Any CPU
		{85887133-F036-4158-AD99-B9BBC4855728}.Debug|Any CPU.Build.0 = Debug|Any CPU
		{85887133-F036-4158-AD99-B9BBC4855728}.Debug|x64.ActiveCfg = Debug|Any CPU
		{85887133-F036-4158-AD99-B9BBC4855728}.Debug|x64.Build.0 = Debug|Any CPU
		{85887133-F036-4158-AD99-B9BBC4855728}.Debug|x86.ActiveCfg = Debug|Any CPU
		{85887133-F036-4158-AD99-B9BBC4855728}.Debug|x86.Build.0 = Debug|Any CPU
		{85887133-F036-4158-AD99-B9BBC4855728}.Release|Any CPU.ActiveCfg = Release|Any CPU
		{85887133-F036-4158-AD99-B9BBC4855728}.Release|Any CPU.Build.0 = Release|Any CPU
		{85887133-F036-4158-AD99-B9BBC4855728}.Release|x64.ActiveCfg = Release|Any CPU
		{85887133-F036-4158-AD99-B9BBC4855728}.Release|x64.Build.0 = Release|Any CPU
		{85887133-F036-4158-AD99-B9BBC4855728}.Release|x86.ActiveCfg = Release|Any CPU
		{85887133-F036-4158-AD99-B9BBC4855728}.Release|x86.Build.0 = Release|Any CPU
	EndGlobalSection
	GlobalSection(SolutionProperties) = preSolution
		HideSolutionNode = FALSE
	EndGlobalSection
	GlobalSection(NestedProjects) = preSolution
		{CD72AFE4-17C9-4F89-892A-1C86127B7466} = {913B8829-7BC1-4627-995B-8ECF6AC15FBA}
		{D21972B1-D75A-4ADC-802F-394BD5FFE654} = {913B8829-7BC1-4627-995B-8ECF6AC15FBA}
		{9D61AC5D-3924-435E-94FC-14062AAC3937} = {913B8829-7BC1-4627-995B-8ECF6AC15FBA}
		{3FF2AF2C-22E7-482D-AB26-D222AB16CAE1} = {913B8829-7BC1-4627-995B-8ECF6AC15FBA}
	EndGlobalSection
	GlobalSection(ExtensibilityGlobals) = postSolution
		SolutionGuid = {6F179471-9336-4BB8-BB31-4035B3D95A9A}
	EndGlobalSection
	GlobalSection(Performance) = preSolution
		HasPerformanceSessions = true
	EndGlobalSection
EndGlobal
